
Microsoft Visual Studio Solution File, Format Version 12.00
# Visual Studio Version 16
VisualStudioVersion = 16.0.29215.179
MinimumVisualStudioVersion = 10.0.40219.1
Project("{9A19103F-16F7-4668-BE54-9A1E7A4F7556}") = "CaseStudy", "CaseStudy\CaseStudy.csproj", "{60B1D3E2-9ADF-464A-8395-12B52B8ABB57}"
EndProject
Global
	GlobalSection(SolutionConfigurationPlatforms) = preSolution
		Debug|Any CPU = Debug|Any CPU
		Release|Any CPU = Release|Any CPU
	EndGlobalSection
	GlobalSection(ProjectConfigurationPlatforms) = postSolution
		{60B1D3E2-9ADF-464A-8395-12B52B8ABB57}.Debug|Any CPU.ActiveCfg = Debug|Any CPU
		{60B1D3E2-9ADF-464A-8395-12B52B8ABB57}.Debug|Any CPU.Build.0 = Debug|Any CPU
		{60B1D3E2-9ADF-464A-8395-12B52B8ABB57}.Release|Any CPU.ActiveCfg = Release|Any CPU
		{60B1D3E2-9ADF-464A-8395-12B52B8ABB57}.Release|Any CPU.Build.0 = Release|Any CPU
	EndGlobalSection
	GlobalSection(SolutionProperties) = preSolution
		HideSolutionNode = FALSE
	EndGlobalSection
	GlobalSection(ExtensibilityGlobals) = postSolution
		SolutionGuid = {89A02585-1BAA-40B8-BA8D-1DEF69DE3488}
	EndGlobalSection
EndGlobal
